
Microsoft Visual Studio Solution File, Format Version 12.00
# Visual Studio Version 17
VisualStudioVersion = 17.4.33110.190
MinimumVisualStudioVersion = 10.0.40219.1
Project("{FAE04EC0-301F-11D3-BF4B-00C04F79EFBC}") = "MyPassword", "MyPassword.csproj", "{351BA6CD-197E-4270-A29E-95D877C8B73C}"
EndProject
Global
	GlobalSection(SolutionConfigurationPlatforms) = preSolution
		Debug|Any CPU = Debug|Any CPU
		Release|Any CPU = Release|Any CPU
	EndGlobalSection
	GlobalSection(ProjectConfigurationPlatforms) = postSolution
		{351BA6CD-197E-4270-A29E-95D877C8B73C}.Debug|Any CPU.ActiveCfg = Debug|Any CPU
		{351BA6CD-197E-4270-A29E-95D877C8B73C}.Debug|Any CPU.Build.0 = Debug|Any CPU
		{351BA6CD-197E-4270-A29E-95D877C8B73C}.Debug|Any CPU.Deploy.0 = Debug|Any CPU
		{351BA6CD-197E-4270-A29E-95D877C8B73C}.Release|Any CPU.ActiveCfg = Release|Any CPU
		{351BA6CD-197E-4270-A29E-95D877C8B73C}.Release|Any CPU.Build.0 = Release|Any CPU
		{351BA6CD-197E-4270-A29E-95D877C8B73C}.Release|Any CPU.Deploy.0 = Release|Any CPU
	EndGlobalSection
	GlobalSection(SolutionProperties) = preSolution
		HideSolutionNode = FALSE
	EndGlobalSection
	GlobalSection(ExtensibilityGlobals) = postSolution
		SolutionGuid = {5F13203C-A8C6-4D2B-BF09-4528FAE34166}
	EndGlobalSection
EndGlobal
